
Microsoft Visual Studio Solution File, Format Version 12.00
# Visual Studio Version 17
VisualStudioVersion = 17.5.33627.172
MinimumVisualStudioVersion = 10.0.40219.1
Project("{FAE04EC0-301F-11D3-BF4B-00C04F79EFBC}") = "HotelManagementApp", "HotelManagementApp\HotelManagementApp.csproj", "{3BB3EF92-89A4-4193-A442-FB95AA4DB987}"
EndProject
Global
	GlobalSection(SolutionConfigurationPlatforms) = preSolution
		Debug|Any CPU = Debug|Any CPU
		Release|Any CPU = Release|Any CPU
	EndGlobalSection
	GlobalSection(ProjectConfigurationPlatforms) = postSolution
		{3BB3EF92-89A4-4193-A442-FB95AA4DB987}.Debug|Any CPU.ActiveCfg = Debug|Any CPU
		{3BB3EF92-89A4-4193-A442-FB95AA4DB987}.Debug|Any CPU.Build.0 = Debug|Any CPU
		{3BB3EF92-89A4-4193-A442-FB95AA4DB987}.Release|Any CPU.ActiveCfg = Release|Any CPU
		{3BB3EF92-89A4-4193-A442-FB95AA4DB987}.Release|Any CPU.Build.0 = Release|Any CPU
	EndGlobalSection
	GlobalSection(SolutionProperties) = preSolution
		HideSolutionNode = FALSE
	EndGlobalSection
	GlobalSection(ExtensibilityGlobals) = postSolution
		SolutionGuid = {1B849399-7910-4729-B684-17832AD6EC19}
	EndGlobalSection
EndGlobal
